
Microsoft Visual Studio Solution File, Format Version 12.00
# Visual Studio 15
VisualStudioVersion = 15.0.28307.271
MinimumVisualStudioVersion = 10.0.40219.1
Project("{FAE04EC0-301F-11D3-BF4B-00C04F79EFBC}") = "SumOfDigits", "SumOfDigits\SumOfDigits.csproj", "{4962EA9C-C7E4-4596-A919-D7FAEE01DBBA}"
EndProject
Global
	GlobalSection(SolutionConfigurationPlatforms) = preSolution
		Debug|Any CPU = Debug|Any CPU
		Release|Any CPU = Release|Any CPU
	EndGlobalSection
	GlobalSection(ProjectConfigurationPlatforms) = postSolution
		{4962EA9C-C7E4-4596-A919-D7FAEE01DBBA}.Debug|Any CPU.ActiveCfg = Debug|Any CPU
		{4962EA9C-C7E4-4596-A919-D7FAEE01DBBA}.Debug|Any CPU.Build.0 = Debug|Any CPU
		{4962EA9C-C7E4-4596-A919-D7FAEE01DBBA}.Release|Any CPU.ActiveCfg = Release|Any CPU
		{4962EA9C-C7E4-4596-A919-D7FAEE01DBBA}.Release|Any CPU.Build.0 = Release|Any CPU
	EndGlobalSection
	GlobalSection(SolutionProperties) = preSolution
		HideSolutionNode = FALSE
	EndGlobalSection
	GlobalSection(ExtensibilityGlobals) = postSolution
		SolutionGuid = {41D50762-37EC-4932-A89F-3F582C4FB06E}
	EndGlobalSection
EndGlobal
